{
  "name": "@amnisio/arduino-uno",
  "version": "2.0.1",
  "lockfileVersion": 1,
  "dependencies": {
    "@amnisio/rivulet": {
      "version": "2.1.0",
      "resolved": "https://registry.npmjs.org/@amnisio/rivulet/-/rivulet-2.1.0.tgz",
      "integrity": "sha512-AbRHoTm+rZEvSDOMQ+J4H/rivwQ6Kbjuh+XcAnonVfp5IVhlUK5IQ44AxmJScPFsugqowqCva7OrtkFpmGRvMw=="
    }
  }
}
