{
  "name": "@amnisio/arduino-uno",
  "version": "3.0.1",
  "lockfileVersion": 1,
  "dependencies": {
    "@amnisio/rivulet": {
      "version": "3.0.1",
      "resolved": "https://registry.npmjs.org/@amnisio/rivulet/-/rivulet-3.0.1.tgz",
      "integrity": "sha512-rIynhwht4LyPbhL/TsIWjDG0YBu6cub2SCuN8/bxz/wdtsD/tEUkTpIWAeq6LjJva9T1m4+KBEoF5v0OQd5guA=="
    }
  }
}
