{
  "name": "@amnisio/arduino-uno",
  "version": "2.2.0",
  "lockfileVersion": 1,
  "dependencies": {
    "@amnisio/rivulet": {
      "version": "2.2.0",
      "resolved": "https://registry.npmjs.org/@amnisio/rivulet/-/rivulet-2.2.0.tgz",
      "integrity": "sha512-vzFkJeScMMQjGBWOwVWySYWqtX3q3UiTD7FXUCnDL2+64BzFdB+XesjJxPcUF8za3KDoB7BSpYFuv6qVmjUlvA=="
    }
  }
}
